
Microsoft Visual Studio Solution File, Format Version 12.00
# Visual Studio Version 17
VisualStudioVersion = 17.1.32319.34
MinimumVisualStudioVersion = 10.0.40219.1
Project("{9A19103F-16F7-4668-BE54-9A1E7A4F7556}") = "H2M2chat", "H2M2chat.csproj", "{D108E807-AFF6-45FF-9B50-B22D12E77672}"
EndProject
Global
	GlobalSection(SolutionConfigurationPlatforms) = preSolution
		Debug|Any CPU = Debug|Any CPU
		Release|Any CPU = Release|Any CPU
	EndGlobalSection
	GlobalSection(ProjectConfigurationPlatforms) = postSolution
		{D108E807-AFF6-45FF-9B50-B22D12E77672}.Debug|Any CPU.ActiveCfg = Debug|Any CPU
		{D108E807-AFF6-45FF-9B50-B22D12E77672}.Debug|Any CPU.Build.0 = Debug|Any CPU
		{D108E807-AFF6-45FF-9B50-B22D12E77672}.Release|Any CPU.ActiveCfg = Release|Any CPU
		{D108E807-AFF6-45FF-9B50-B22D12E77672}.Release|Any CPU.Build.0 = Release|Any CPU
	EndGlobalSection
	GlobalSection(SolutionProperties) = preSolution
		HideSolutionNode = FALSE
	EndGlobalSection
	GlobalSection(ExtensibilityGlobals) = postSolution
		SolutionGuid = {6DDD705C-36DF-4FBD-9E19-9F1623B0C400}
	EndGlobalSection
EndGlobal
